{
  "originHash" : "5de2b9da3fb9ee45329ad12d79ea1ab0cdb80541cba83d663ca4341594aac8ce",
  "pins" : [
    {
      "identity" : "swiftuix",
      "kind" : "remoteSourceControl",
      "location" : "https://github.com/SwiftUIX/SwiftUIX",
      "state" : {
        "revision" : "d9f903b214b9d56e3c1e4533b03359aee94acd5d",
        "version" : "0.2.4"
      }
    },
    {
      "identity" : "voidutilities",
      "kind" : "remoteSourceControl",
      "location" : "https://github.com/studio-void/VoidUtilities",
      "state" : {
        "branch" : "main",
        "revision" : "cd88b738edd1bb8815e016565ad5a7b8c7351a7a"
      }
    }
  ],
  "version" : 3
}
