{
  "originHash" : "3243c4dd665cb6f13e0a8a1438ea72f4e6269716568424f851663f3ba8a29b20",
  "pins" : [
    {
      "identity" : "swiftuix",
      "kind" : "remoteSourceControl",
      "location" : "https://github.com/SwiftUIX/SwiftUIX",
      "state" : {
        "revision" : "d9f903b214b9d56e3c1e4533b03359aee94acd5d",
        "version" : "0.2.4"
      }
    },
    {
      "identity" : "voidutilities",
      "kind" : "remoteSourceControl",
      "location" : "https://github.com/studio-void/VoidUtilities",
      "state" : {
        "branch" : "main",
        "revision" : "cd88b738edd1bb8815e016565ad5a7b8c7351a7a"
      }
    }
  ],
  "version" : 3
}
